
Microsoft Visual Studio Solution File, Format Version 12.00
# Visual Studio Version 16
VisualStudioVersion = 16.0.29403.142
MinimumVisualStudioVersion = 10.0.40219.1
Project("{2150E333-8FDC-42A3-9474-1A3956D46DE8}") = "build", "build", "{DA534FF4-F63D-4C64-B5C6-8B029EF10ABF}"
	ProjectSection(SolutionItems) = preProject
		..\build\azure-pipelines.yml = ..\build\azure-pipelines.yml
		..\GitVersion.yml = ..\GitVersion.yml
	EndProjectSection
EndProject
Project("{9A19103F-16F7-4668-BE54-9A1E7A4F7556}") = "MVx.Observable", "MVx.Observable\MVx.Observable.csproj", "{F653ECED-3601-41A4-A541-B41E29BE3487}"
EndProject
Project("{FAE04EC0-301F-11D3-BF4B-00C04F79EFBC}") = "MVx.Monads", "MVx.Monads\MVx.Monads.csproj", "{7BDD4684-5861-406E-B0AA-97F55EE0C0EB}"
EndProject
Global
	GlobalSection(SolutionConfigurationPlatforms) = preSolution
		Debug|Any CPU = Debug|Any CPU
		Release|Any CPU = Release|Any CPU
	EndGlobalSection
	GlobalSection(ProjectConfigurationPlatforms) = postSolution
		{F653ECED-3601-41A4-A541-B41E29BE3487}.Debug|Any CPU.ActiveCfg = Debug|Any CPU
		{F653ECED-3601-41A4-A541-B41E29BE3487}.Debug|Any CPU.Build.0 = Debug|Any CPU
		{F653ECED-3601-41A4-A541-B41E29BE3487}.Release|Any CPU.ActiveCfg = Release|Any CPU
		{F653ECED-3601-41A4-A541-B41E29BE3487}.Release|Any CPU.Build.0 = Release|Any CPU
		{7BDD4684-5861-406E-B0AA-97F55EE0C0EB}.Debug|Any CPU.ActiveCfg = Debug|Any CPU
		{7BDD4684-5861-406E-B0AA-97F55EE0C0EB}.Debug|Any CPU.Build.0 = Debug|Any CPU
		{7BDD4684-5861-406E-B0AA-97F55EE0C0EB}.Release|Any CPU.ActiveCfg = Release|Any CPU
		{7BDD4684-5861-406E-B0AA-97F55EE0C0EB}.Release|Any CPU.Build.0 = Release|Any CPU
	EndGlobalSection
	GlobalSection(SolutionProperties) = preSolution
		HideSolutionNode = FALSE
	EndGlobalSection
	GlobalSection(ExtensibilityGlobals) = postSolution
		SolutionGuid = {E6E09DAC-54EE-4012-B724-5B08F992F40C}
	EndGlobalSection
EndGlobal
